
Microsoft Visual Studio Solution File, Format Version 12.00
# Visual Studio Version 17
VisualStudioVersion = 17.8.34525.116
MinimumVisualStudioVersion = 10.0.40219.1
Project("{FAE04EC0-301F-11D3-BF4B-00C04F79EFBC}") = "WebApplication1", "WebApplication1.csproj", "{9148EA51-22DF-45DC-9134-584711793608}"
EndProject
Global
	GlobalSection(SolutionConfigurationPlatforms) = preSolution
		Debug|Any CPU = Debug|Any CPU
		Release|Any CPU = Release|Any CPU
	EndGlobalSection
	GlobalSection(ProjectConfigurationPlatforms) = postSolution
		{9148EA51-22DF-45DC-9134-584711793608}.Debug|Any CPU.ActiveCfg = Debug|Any CPU
		{9148EA51-22DF-45DC-9134-584711793608}.Debug|Any CPU.Build.0 = Debug|Any CPU
		{9148EA51-22DF-45DC-9134-584711793608}.Release|Any CPU.ActiveCfg = Release|Any CPU
		{9148EA51-22DF-45DC-9134-584711793608}.Release|Any CPU.Build.0 = Release|Any CPU
	EndGlobalSection
	GlobalSection(SolutionProperties) = preSolution
		HideSolutionNode = FALSE
	EndGlobalSection
	GlobalSection(ExtensibilityGlobals) = postSolution
		SolutionGuid = {64C88D1D-252F-469E-8F61-4EB490291AB2}
	EndGlobalSection
EndGlobal
